# This file is automatically @generated by Cargo.
# It is not intended for manual editing.
[[package]]
name = "clipboard-win"
version = "3.0.1"
source = "registry+https://github.com/rust-lang/crates.io-index"
checksum = "f58141f1150a2736a680c96cacf1596453c790c51d611a58edcc2962d5b2be99"
dependencies = [
 "lazy-bytes-cast",
 "winapi",
]

[[package]]
name = "lazy-bytes-cast"
version = "4.0.0"
source = "registry+https://github.com/rust-lang/crates.io-index"
checksum = "7c0176016c49f71c537599b2d0d26054c28091d3b1118ecc8a87ce193bc56403"

[[package]]
name = "quick-magic"
version = "0.1.0"
dependencies = [
 "clipboard-win",
]

[[package]]
name = "winapi"
version = "0.3.8"
source = "registry+https://github.com/rust-lang/crates.io-index"
checksum = "8093091eeb260906a183e6ae1abdba2ef5ef2257a21801128899c3fc699229c6"
dependencies = [
 "winapi-i686-pc-windows-gnu",
 "winapi-x86_64-pc-windows-gnu",
]

[[package]]
name = "winapi-i686-pc-windows-gnu"
version = "0.4.0"
source = "registry+https://github.com/rust-lang/crates.io-index"
checksum = "ac3b87c63620426dd9b991e5ce0329eff545bccbbb34f3be09ff6fb6ab51b7b6"

[[package]]
name = "winapi-x86_64-pc-windows-gnu"
version = "0.4.0"
source = "registry+https://github.com/rust-lang/crates.io-index"
checksum = "712e227841d057c1ee1cd2fb22fa7e5a5461ae8e48fa2ca79ec42cfc1931183f"
